
Microsoft Visual Studio Solution File, Format Version 12.00
# Visual Studio Version 17
VisualStudioVersion = 17.5.33502.453
MinimumVisualStudioVersion = 10.0.40219.1
Project("{FAE04EC0-301F-11D3-BF4B-00C04F79EFBC}") = "JWT_Role", "JWT_Role.csproj", "{79FC6511-355F-4453-B342-913834C6DE72}"
EndProject
Global
	GlobalSection(SolutionConfigurationPlatforms) = preSolution
		Debug|Any CPU = Debug|Any CPU
		Release|Any CPU = Release|Any CPU
	EndGlobalSection
	GlobalSection(ProjectConfigurationPlatforms) = postSolution
		{79FC6511-355F-4453-B342-913834C6DE72}.Debug|Any CPU.ActiveCfg = Debug|Any CPU
		{79FC6511-355F-4453-B342-913834C6DE72}.Debug|Any CPU.Build.0 = Debug|Any CPU
		{79FC6511-355F-4453-B342-913834C6DE72}.Release|Any CPU.ActiveCfg = Release|Any CPU
		{79FC6511-355F-4453-B342-913834C6DE72}.Release|Any CPU.Build.0 = Release|Any CPU
	EndGlobalSection
	GlobalSection(SolutionProperties) = preSolution
		HideSolutionNode = FALSE
	EndGlobalSection
	GlobalSection(ExtensibilityGlobals) = postSolution
		SolutionGuid = {02F633CE-61CE-40A4-B971-8B5D7BCE2DD0}
	EndGlobalSection
EndGlobal
